
Microsoft Visual Studio Solution File, Format Version 12.00
# Visual Studio Version 16
VisualStudioVersion = 16.0.31729.503
MinimumVisualStudioVersion = 10.0.40219.1
Project("{9A19103F-16F7-4668-BE54-9A1E7A4F7556}") = "UrlCreation", "UrlCreation.csproj", "{664F3F46-B2DE-48F6-989F-587D8AD607F1}"
EndProject
Project("{E53339B2-1760-4266-BCC7-CA923CBCF16C}") = "docker-compose", "docker-compose.dcproj", "{5A2B4C2F-EFBE-4B39-A6D1-550467AAD43F}"
EndProject
Global
	GlobalSection(SolutionConfigurationPlatforms) = preSolution
		Debug|Any CPU = Debug|Any CPU
		Release|Any CPU = Release|Any CPU
	EndGlobalSection
	GlobalSection(ProjectConfigurationPlatforms) = postSolution
		{664F3F46-B2DE-48F6-989F-587D8AD607F1}.Debug|Any CPU.ActiveCfg = Debug|Any CPU
		{664F3F46-B2DE-48F6-989F-587D8AD607F1}.Debug|Any CPU.Build.0 = Debug|Any CPU
		{664F3F46-B2DE-48F6-989F-587D8AD607F1}.Release|Any CPU.ActiveCfg = Release|Any CPU
		{664F3F46-B2DE-48F6-989F-587D8AD607F1}.Release|Any CPU.Build.0 = Release|Any CPU
		{5A2B4C2F-EFBE-4B39-A6D1-550467AAD43F}.Debug|Any CPU.ActiveCfg = Debug|Any CPU
		{5A2B4C2F-EFBE-4B39-A6D1-550467AAD43F}.Debug|Any CPU.Build.0 = Debug|Any CPU
		{5A2B4C2F-EFBE-4B39-A6D1-550467AAD43F}.Release|Any CPU.ActiveCfg = Release|Any CPU
		{5A2B4C2F-EFBE-4B39-A6D1-550467AAD43F}.Release|Any CPU.Build.0 = Release|Any CPU
	EndGlobalSection
	GlobalSection(SolutionProperties) = preSolution
		HideSolutionNode = FALSE
	EndGlobalSection
	GlobalSection(ExtensibilityGlobals) = postSolution
		SolutionGuid = {13B6B243-F341-4198-825C-5E9B9346A7E1}
	EndGlobalSection
EndGlobal
